<?xml version="1.0" encoding="utf-8"?>
<Project ToolsVersion="4.0" xmlns="http://schemas.microsoft.com/developer/msbuild/2003">
  <ItemGroup>
    <ClCompile Include="main.cpp" />
    <ClCompile Include="Program.cpp" />
    <ClCompile Include="..\ext\glad\src\glad.c">
      <Filter>ext</Filter>
    </ClCompile>
    <ClCompile Include="GLSL.cpp" />
    <ClCompile Include="WindowManager.cpp" />
    <ClCompile Include="MatrixStack.cpp" />
    <ClCompile Include="Shape.cpp" />
    <ClCompile Include="Cube.cpp" />
    <ClCompile Include="message.cpp" />
    <ClCompile Include="webclient.cpp" />
    <ClCompile Include="Collision.cpp" />
    <ClCompile Include="Shot.cpp" />
    <ClCompile Include="ShotManager.cpp" />
    <ClCompile Include="Billboard.cpp" />
    <ClCompile Include="Laser.cpp" />
  </ItemGroup>
  <ItemGroup>
    <ClInclude Include="Program.h" />
    <ClInclude Include="GLSL.h" />
    <ClInclude Include="WindowManager.h" />
    <ClInclude Include="MatrixStack.h" />
    <ClInclude Include="Shape.h" />
    <ClInclude Include="tiny_obj_loader.h" />
    <ClInclude Include="Cube.h" />
    <ClInclude Include="message.h" />
    <ClInclude Include="webclient.h" />
    <ClInclude Include="Collision.h" />
    <ClInclude Include="Shot.h" />
    <ClInclude Include="ShotManager.h" />
    <ClInclude Include="Billboard.h" />
    <ClInclude Include="Laser.h" />
  </ItemGroup>
  <ItemGroup>
    <Filter Include="ext">
      <UniqueIdentifier>{a1735e5b-c01d-45eb-b937-869f0ba27591}</UniqueIdentifier>
    </Filter>
  </ItemGroup>
  <ItemGroup>
    <None Include="..\resources\shader_fragment.glsl" />
    <None Include="..\resources\shader_vertex.glsl" />
    <None Include="..\resources\shape_fragment.glsl" />
    <None Include="..\resources\shape_vertex.glsl" />
    <None Include="..\resources\glow_fragment.glsl" />
    <None Include="..\resources\glow_vertex.glsl" />
    <None Include="..\resources\bb_frag.glsl" />
    <None Include="..\resources\bb_vertex.glsl" />
  </ItemGroup>
</Project>